{
  "pins" : [
    {
      "identity" : "chord",
      "kind" : "remoteSourceControl",
      "location" : "https://github.com/OperatorFoundation/Chord.git",
      "state" : {
        "branch" : "main",
        "revision" : "82ac7a48e7876e0623475274cff2ae602d84d495"
      }
    },
    {
      "identity" : "datable",
      "kind" : "remoteSourceControl",
      "location" : "https://github.com/OperatorFoundation/Datable",
      "state" : {
        "branch" : "main",
        "revision" : "8cb921cab89b0d2a21b356734377cd449e7476ed"
      }
    },
    {
      "identity" : "ghostwriter",
      "kind" : "remoteSourceControl",
      "location" : "https://github.com/OperatorFoundation/Ghostwriter",
      "state" : {
        "branch" : "main",
        "revision" : "16f2f990e664068443675be71de2b3a835763a55"
      }
    },
    {
      "identity" : "keychain",
      "kind" : "remoteSourceControl",
      "location" : "https://github.com/OperatorFoundation/Keychain",
      "state" : {
        "branch" : "main",
        "revision" : "b130e92f6203d32eacb4c78d00b0f117ba6631eb"
      }
    },
    {
      "identity" : "keychainmacos",
      "kind" : "remoteSourceControl",
      "location" : "https://github.com/OperatorFoundation/KeychainMacOS.git",
      "state" : {
        "branch" : "main",
        "revision" : "bba195f44f6ce4f783fd0a6e3001c525284a0354"
      }
    },
    {
      "identity" : "keychaintypes",
      "kind" : "remoteSourceControl",
      "location" : "https://github.com/OperatorFoundation/KeychainTypes.git",
      "state" : {
        "branch" : "main",
        "revision" : "2015e0a7749aa4b84d69384239837eab2a7341d4"
      }
    },
    {
      "identity" : "monolith",
      "kind" : "remoteSourceControl",
      "location" : "https://github.com/OperatorFoundation/Monolith",
      "state" : {
        "branch" : "main",
        "revision" : "177d54a51a2c2cc107267671d824d90268807086"
      }
    },
    {
      "identity" : "net",
      "kind" : "remoteSourceControl",
      "location" : "https://github.com/OperatorFoundation/Net",
      "state" : {
        "branch" : "main",
        "revision" : "a2db852ee35ec65dded8d46071e350c1d78eed7c"
      }
    },
    {
      "identity" : "replicantswift",
      "kind" : "remoteSourceControl",
      "location" : "https://github.com/OperatorFoundation/ReplicantSwift.git",
      "state" : {
        "branch" : "main",
        "revision" : "c3b7f287b76abb9ee7bb4b3d2788a4ecd18770e1"
      }
    },
    {
      "identity" : "shadowswift",
      "kind" : "remoteSourceControl",
      "location" : "https://github.com/OperatorFoundation/ShadowSwift",
      "state" : {
        "branch" : "main",
        "revision" : "e192c30652de474ab48412f11e73ae221eabac1e"
      }
    },
    {
      "identity" : "song",
      "kind" : "remoteSourceControl",
      "location" : "https://github.com/OperatorFoundation/Song",
      "state" : {
        "branch" : "main",
        "revision" : "d9a76ee7425e3f212f85096084c90340b11bb582"
      }
    },
    {
      "identity" : "spacetime",
      "kind" : "remoteSourceControl",
      "location" : "https://github.com/OperatorFoundation/Spacetime",
      "state" : {
        "branch" : "main",
        "revision" : "ae092e083d17b6308460e709125072e583a208f7"
      }
    },
    {
      "identity" : "straw",
      "kind" : "remoteSourceControl",
      "location" : "https://github.com/OperatorFoundation/Straw.git",
      "state" : {
        "branch" : "main",
        "revision" : "2cd7f47ddd308566bba2216cd08dccfd950c757d"
      }
    },
    {
      "identity" : "swift-argument-parser",
      "kind" : "remoteSourceControl",
      "location" : "https://github.com/apple/swift-argument-parser.git",
      "state" : {
        "revision" : "e394bf350e38cb100b6bc4172834770ede1b7232",
        "version" : "1.0.3"
      }
    },
    {
      "identity" : "swift-ast",
      "kind" : "remoteSourceControl",
      "location" : "https://github.com/OperatorFoundation/swift-ast.git",
      "state" : {
        "branch" : "main",
        "revision" : "d7e0cf0d9d3b90831a1c297ce911a338a4bd44f3"
      }
    },
    {
      "identity" : "swift-crypto",
      "kind" : "remoteSourceControl",
      "location" : "https://github.com/apple/swift-crypto",
      "state" : {
        "revision" : "d9825fa541df64b1a7b182178d61b9a82730d01f",
        "version" : "2.1.0"
      }
    },
    {
      "identity" : "swift-log",
      "kind" : "remoteSourceControl",
      "location" : "https://github.com/apple/swift-log.git",
      "state" : {
        "revision" : "6fe203dc33195667ce1759bf0182975e4653ba1c",
        "version" : "1.4.4"
      }
    },
    {
      "identity" : "swifthextools",
      "kind" : "remoteSourceControl",
      "location" : "https://github.com/OperatorFoundation/SwiftHexTools",
      "state" : {
        "branch" : "main",
        "revision" : "3d4b5a925414481ff82fe53b9062560a269c2679"
      }
    },
    {
      "identity" : "swiftqueue",
      "kind" : "remoteSourceControl",
      "location" : "https://github.com/OperatorFoundation/SwiftQueue",
      "state" : {
        "branch" : "main",
        "revision" : "5d59db6aa86b7e1b419c027af1a61f2572475538"
      }
    },
    {
      "identity" : "transmission",
      "kind" : "remoteSourceControl",
      "location" : "https://github.com/OperatorFoundation/Transmission",
      "state" : {
        "branch" : "main",
        "revision" : "765db4b7b710489af462e516a4c045f5ccc67183"
      }
    },
    {
      "identity" : "transmissionmacos",
      "kind" : "remoteSourceControl",
      "location" : "https://github.com/OperatorFoundation/TransmissionMacOS",
      "state" : {
        "branch" : "main",
        "revision" : "c3363c04339c921dce01bb9c8ac0ff32a14f25ad"
      }
    },
    {
      "identity" : "transmissiontransport",
      "kind" : "remoteSourceControl",
      "location" : "https://github.com/OperatorFoundation/TransmissionTransport.git",
      "state" : {
        "branch" : "main",
        "revision" : "2251551c875461d8292282d78821f427a7452c57"
      }
    },
    {
      "identity" : "transmissiontypes",
      "kind" : "remoteSourceControl",
      "location" : "https://github.com/OperatorFoundation/TransmissionTypes",
      "state" : {
        "branch" : "main",
        "revision" : "f31178150124c2bb570c045a5050944d49fe1fc5"
      }
    },
    {
      "identity" : "transport",
      "kind" : "remoteSourceControl",
      "location" : "https://github.com/OperatorFoundation/Transport",
      "state" : {
        "branch" : "main",
        "revision" : "6b8c0933859dfe6a4a5d93100c387279d12675b2"
      }
    }
  ],
  "version" : 2
}
